// !$*UTF8*$!
{
	archiveVersion = 1;
	classes = {
	};
	objectVersion = 56;
	objects = {

/* Begin PBXBuildFile section */
		DA5078422A36D43000993A6D /* FavouriteActivityView.swift in Sources */ = {isa = PBXBuildFile; fileRef = DA5078412A36D43000993A6D /* FavouriteActivityView.swift */; };
		DAA6538F2A357D7F00DF2635 /* ActivityDetailsView.swift in Sources */ = {isa = PBXBuildFile; fileRef = DAA6538E2A357D7F00DF2635 /* ActivityDetailsView.swift */; };
		DAFEB91D2A32B4B10042F9D2 /* TheTourApp.swift in Sources */ = {isa = PBXBuildFile; fileRef = DAFEB91C2A32B4B10042F9D2 /* TheTourApp.swift */; };
		DAFEB91F2A32B4B10042F9D2 /* ContentView.swift in Sources */ = {isa = PBXBuildFile; fileRef = DAFEB91E2A32B4B10042F9D2 /* ContentView.swift */; };
		DAFEB9212A32B4B30042F9D2 /* Assets.xcassets in Resources */ = {isa = PBXBuildFile; fileRef = DAFEB9202A32B4B30042F9D2 /* Assets.xcassets */; };
		DAFEB9242A32B4B30042F9D2 /* Preview Assets.xcassets in Resources */ = {isa = PBXBuildFile; fileRef = DAFEB9232A32B4B30042F9D2 /* Preview Assets.xcassets */; };
		DAFEB92B2A32C3C20042F9D2 /* ActivityData.swift in Sources */ = {isa = PBXBuildFile; fileRef = DAFEB92A2A32C3C20042F9D2 /* ActivityData.swift */; };
		DAFEB92D2A32C3E70042F9D2 /* Activity.swift in Sources */ = {isa = PBXBuildFile; fileRef = DAFEB92C2A32C3E70042F9D2 /* Activity.swift */; };
/* End PBXBuildFile section */

/* Begin PBXFileReference section */
		DA5078412A36D43000993A6D /* FavouriteActivityView.swift */ = {isa = PBXFileReference; lastKnownFileType = sourcecode.swift; path = FavouriteActivityView.swift; sourceTree = "<group>"; };
		DAA6538E2A357D7F00DF2635 /* ActivityDetailsView.swift */ = {isa = PBXFileReference; lastKnownFileType = sourcecode.swift; path = ActivityDetailsView.swift; sourceTree = "<group>"; };
		DAFEB9192A32B4B10042F9D2 /* TheTour.app */ = {isa = PBXFileReference; explicitFileType = wrapper.application; includeInIndex = 0; path = TheTour.app; sourceTree = BUILT_PRODUCTS_DIR; };
		DAFEB91C2A32B4B10042F9D2 /* TheTourApp.swift */ = {isa = PBXFileReference; lastKnownFileType = sourcecode.swift; path = TheTourApp.swift; sourceTree = "<group>"; };
		DAFEB91E2A32B4B10042F9D2 /* ContentView.swift */ = {isa = PBXFileReference; lastKnownFileType = sourcecode.swift; path = ContentView.swift; sourceTree = "<group>"; };
		DAFEB9202A32B4B30042F9D2 /* Assets.xcassets */ = {isa = PBXFileReference; lastKnownFileType = folder.assetcatalog; path = Assets.xcassets; sourceTree = "<group>"; };
		DAFEB9232A32B4B30042F9D2 /* Preview Assets.xcassets */ = {isa = PBXFileReference; lastKnownFileType = folder.assetcatalog; path = "Preview Assets.xcassets"; sourceTree = "<group>"; };
		DAFEB92A2A32C3C20042F9D2 /* ActivityData.swift */ = {isa = PBXFileReference; lastKnownFileType = sourcecode.swift; path = ActivityData.swift; sourceTree = "<group>"; };
		DAFEB92C2A32C3E70042F9D2 /* Activity.swift */ = {isa = PBXFileReference; lastKnownFileType = sourcecode.swift; path = Activity.swift; sourceTree = "<group>"; };
/* End PBXFileReference section */

/* Begin PBXFrameworksBuildPhase section */
		DAFEB9162A32B4B10042F9D2 /* Frameworks */ = {
			isa = PBXFrameworksBuildPhase;
			buildActionMask = 2147483647;
			files = (
			);
			runOnlyForDeploymentPostprocessing = 0;
		};
/* End PBXFrameworksBuildPhase section */

/* Begin PBXGroup section */
		DAFEB9102A32B4B10042F9D2 = {
			isa = PBXGroup;
			children = (
				DAFEB91B2A32B4B10042F9D2 /* TheTour */,
				DAFEB91A2A32B4B10042F9D2 /* Products */,
			);
			sourceTree = "<group>";
		};
		DAFEB91A2A32B4B10042F9D2 /* Products */ = {
			isa = PBXGroup;
			children = (
				DAFEB9192A32B4B10042F9D2 /* TheTour.app */,
			);
			name = Products;
			sourceTree = "<group>";
		};
		DAFEB91B2A32B4B10042F9D2 /* TheTour */ = {
			isa = PBXGroup;
			children = (
				DAFEB91C2A32B4B10042F9D2 /* TheTourApp.swift */,
				DAFEB91E2A32B4B10042F9D2 /* ContentView.swift */,
				DAFEB9202A32B4B30042F9D2 /* Assets.xcassets */,
				DAFEB9222A32B4B30042F9D2 /* Preview Content */,
				DAFEB92A2A32C3C20042F9D2 /* ActivityData.swift */,
				DAFEB92C2A32C3E70042F9D2 /* Activity.swift */,
				DAA6538E2A357D7F00DF2635 /* ActivityDetailsView.swift */,
				DA5078412A36D43000993A6D /* FavouriteActivityView.swift */,
			);
			path = TheTour;
			sourceTree = "<group>";
		};
		DAFEB9222A32B4B30042F9D2 /* Preview Content */ = {
			isa = PBXGroup;
			children = (
				DAFEB9232A32B4B30042F9D2 /* Preview Assets.xcassets */,
			);
			path = "Preview Content";
			sourceTree = "<group>";
		};
/* End PBXGroup section */

/* Begin PBXNativeTarget section */
		DAFEB9182A32B4B10042F9D2 /* TheTour */ = {
			isa = PBXNativeTarget;
			buildConfigurationList = DAFEB9272A32B4B30042F9D2 /* Build configuration list for PBXNativeTarget "TheTour" */;
			buildPhases = (
				DAFEB9152A32B4B10042F9D2 /* Sources */,
				DAFEB9162A32B4B10042F9D2 /* Frameworks */,
				DAFEB9172A32B4B10042F9D2 /* Resources */,
			);
			buildRules = (
			);
			dependencies = (
			);
			name = TheTour;
			productName = TheTour;
			productReference = DAFEB9192A32B4B10042F9D2 /* TheTour.app */;
			productType = "com.apple.product-type.application";
		};
/* End PBXNativeTarget section */

/* Begin PBXProject section */
		DAFEB9112A32B4B10042F9D2 /* Project object */ = {
			isa = PBXProject;
			attributes = {
				BuildIndependentTargetsInParallel = 1;
				LastSwiftUpdateCheck = 1430;
				LastUpgradeCheck = 1430;
				TargetAttributes = {
					DAFEB9182A32B4B10042F9D2 = {
						CreatedOnToolsVersion = 14.3.1;
					};
				};
			};
			buildConfigurationList = DAFEB9142A32B4B10042F9D2 /* Build configuration list for PBXProject "TheTour" */;
			compatibilityVersion = "Xcode 14.0";
			developmentRegion = en;
			hasScannedForEncodings = 0;
			knownRegions = (
				en,
				Base,
			);
			mainGroup = DAFEB9102A32B4B10042F9D2;
			productRefGroup = DAFEB91A2A32B4B10042F9D2 /* Products */;
			projectDirPath = "";
			projectRoot = "";
			targets = (
				DAFEB9182A32B4B10042F9D2 /* TheTour */,
			);
		};
/* End PBXProject section */

/* Begin PBXResourcesBuildPhase section */
		DAFEB9172A32B4B10042F9D2 /* Resources */ = {
			isa = PBXResourcesBuildPhase;
			buildActionMask = 2147483647;
			files = (
				DAFEB9242A32B4B30042F9D2 /* Preview Assets.xcassets in Resources */,
				DAFEB9212A32B4B30042F9D2 /* Assets.xcassets in Resources */,
			);
			runOnlyForDeploymentPostprocessing = 0;
		};
/* End PBXResourcesBuildPhase section */

/* Begin PBXSourcesBuildPhase section */
		DAFEB9152A32B4B10042F9D2 /* Sources */ = {
			isa = PBXSourcesBuildPhase;
			buildActionMask = 2147483647;
			files = (
				DAFEB92B2A32C3C20042F9D2 /* ActivityData.swift in Sources */,
				DAFEB91F2A32B4B10042F9D2 /* ContentView.swift in Sources */,
				DAFEB92D2A32C3E70042F9D2 /* Activity.swift in Sources */,
				DAFEB91D2A32B4B10042F9D2 /* TheTourApp.swift in Sources */,
				DAA6538F2A357D7F00DF2635 /* ActivityDetailsView.swift in Sources */,
				DA5078422A36D43000993A6D /* FavouriteActivityView.swift in Sources */,
			);
			runOnlyForDeploymentPostprocessing = 0;
		};
/* End PBXSourcesBuildPhase section */

/* Begin XCBuildConfiguration section */
		DAFEB9252A32B4B30042F9D2 /* Debug */ = {
			isa = XCBuildConfiguration;
			buildSettings = {
				ALWAYS_SEARCH_USER_PATHS = NO;
				CLANG_ANALYZER_NONNULL = YES;
				CLANG_ANALYZER_NUMBER_OBJECT_CONVERSION = YES_AGGRESSIVE;
				CLANG_CXX_LANGUAGE_STANDARD = "gnu++20";
				CLANG_ENABLE_MODULES = YES;
				CLANG_ENABLE_OBJC_ARC = YES;
				CLANG_ENABLE_OBJC_WEAK = YES;
				CLANG_WARN_BLOCK_CAPTURE_AUTORELEASING = YES;
				CLANG_WARN_BOOL_CONVERSION = YES;
				CLANG_WARN_COMMA = YES;
				CLANG_WARN_CONSTANT_CONVERSION = YES;
				CLANG_WARN_DEPRECATED_OBJC_IMPLEMENTATIONS = YES;
				CLANG_WARN_DIRECT_OBJC_ISA_USAGE = YES_ERROR;
				CLANG_WARN_DOCUMENTATION_COMMENTS = YES;
				CLANG_WARN_EMPTY_BODY = YES;
				CLANG_WARN_ENUM_CONVERSION = YES;
				CLANG_WARN_INFINITE_RECURSION = YES;
				CLANG_WARN_INT_CONVERSION = YES;
				CLANG_WARN_NON_LITERAL_NULL_CONVERSION = YES;
				CLANG_WARN_OBJC_IMPLICIT_RETAIN_SELF = YES;
				CLANG_WARN_OBJC_LITERAL_CONVERSION = YES;
				CLANG_WARN_OBJC_ROOT_CLASS = YES_ERROR;
				CLANG_WARN_QUOTED_INCLUDE_IN_FRAMEWORK_HEADER = YES;
				CLANG_WARN_RANGE_LOOP_ANALYSIS = YES;
				CLANG_WARN_STRICT_PROTOTYPES = YES;
				CLANG_WARN_SUSPICIOUS_MOVE = YES;
				CLANG_WARN_UNGUARDED_AVAILABILITY = YES_AGGRESSIVE;
				CLANG_WARN_UNREACHABLE_CODE = YES;
				CLANG_WARN__DUPLICATE_METHOD_MATCH = YES;
				COPY_PHASE_STRIP = NO;
				DEBUG_INFORMATION_FORMAT = dwarf;
				ENABLE_STRICT_OBJC_MSGSEND = YES;
				ENABLE_TESTABILITY = YES;
				GCC_C_LANGUAGE_STANDARD = gnu11;
				GCC_DYNAMIC_NO_PIC = NO;
				GCC_NO_COMMON_BLOCKS = YES;
				GCC_OPTIMIZATION_LEVEL = 0;
				GCC_PREPROCESSOR_DEFINITIONS = (
					"DEBUG=1",
					"$(inherited)",
				);
				GCC_WARN_64_TO_32_BIT_CONVERSION = YES;
				GCC_WARN_ABOUT_RETURN_TYPE = YES_ERROR;
				GCC_WARN_UNDECLARED_SELECTOR = YES;
				GCC_WARN_UNINITIALIZED_AUTOS = YES_AGGRESSIVE;
				GCC_WARN_UNUSED_FUNCTION = YES;
				GCC_WARN_UNUSED_VARIABLE = YES;
				IPHONEOS_DEPLOYMENT_TARGET = 16.4;
				MTL_ENABLE_DEBUG_INFO = INCLUDE_SOURCE;
				MTL_FAST_MATH = YES;
				ONLY_ACTIVE_ARCH = YES;
				SDKROOT = iphoneos;
				SWIFT_ACTIVE_COMPILATION_CONDITIONS = DEBUG;
				SWIFT_OPTIMIZATION_LEVEL = "-Onone";
			};
			name = Debug;
		};
		DAFEB9262A32B4B30042F9D2 /* Release */ = {
			isa = XCBuildConfiguration;
			buildSettings = {
				ALWAYS_SEARCH_USER_PATHS = NO;
				CLANG_ANALYZER_NONNULL = YES;
				CLANG_ANALYZER_NUMBER_OBJECT_CONVERSION = YES_AGGRESSIVE;
				CLANG_CXX_LANGUAGE_STANDARD = "gnu++20";
				CLANG_ENABLE_MODULES = YES;
				CLANG_ENABLE_OBJC_ARC = YES;
				CLANG_ENABLE_OBJC_WEAK = YES;
				CLANG_WARN_BLOCK_CAPTURE_AUTORELEASING = YES;
				CLANG_WARN_BOOL_CONVERSION = YES;
				CLANG_WARN_COMMA = YES;
				CLANG_WARN_CONSTANT_CONVERSION = YES;
				CLANG_WARN_DEPRECATED_OBJC_IMPLEMENTATIONS = YES;
				CLANG_WARN_DIRECT_OBJC_ISA_USAGE = YES_ERROR;
				CLANG_WARN_DOCUMENTATION_COMMENTS = YES;
				CLANG_WARN_EMPTY_BODY = YES;
				CLANG_WARN_ENUM_CONVERSION = YES;
				CLANG_WARN_INFINITE_RECURSION = YES;
				CLANG_WARN_INT_CONVERSION = YES;
				CLANG_WARN_NON_LITERAL_NULL_CONVERSION = YES;
				CLANG_WARN_OBJC_IMPLICIT_RETAIN_SELF = YES;
				CLANG_WARN_OBJC_LITERAL_CONVERSION = YES;
				CLANG_WARN_OBJC_ROOT_CLASS = YES_ERROR;
				CLANG_WARN_QUOTED_INCLUDE_IN_FRAMEWORK_HEADER = YES;
				CLANG_WARN_RANGE_LOOP_ANALYSIS = YES;
				CLANG_WARN_STRICT_PROTOTYPES = YES;
				CLANG_WARN_SUSPICIOUS_MOVE = YES;
				CLANG_WARN_UNGUARDED_AVAILABILITY = YES_AGGRESSIVE;
				CLANG_WARN_UNREACHABLE_CODE = YES;
				CLANG_WARN__DUPLICATE_METHOD_MATCH = YES;
				COPY_PHASE_STRIP = NO;
				DEBUG_INFORMATION_FORMAT = "dwarf-with-dsym";
				ENABLE_NS_ASSERTIONS = NO;
				ENABLE_STRICT_OBJC_MSGSEND = YES;
				GCC_C_LANGUAGE_STANDARD = gnu11;
				GCC_NO_COMMON_BLOCKS = YES;
				GCC_WARN_64_TO_32_BIT_CONVERSION = YES;
				GCC_WARN_ABOUT_RETURN_TYPE = YES_ERROR;
				GCC_WARN_UNDECLARED_SELECTOR = YES;
				GCC_WARN_UNINITIALIZED_AUTOS = YES_AGGRESSIVE;
				GCC_WARN_UNUSED_FUNCTION = YES;
				GCC_WARN_UNUSED_VARIABLE = YES;
				IPHONEOS_DEPLOYMENT_TARGET = 16.4;
				MTL_ENABLE_DEBUG_INFO = NO;
				MTL_FAST_MATH = YES;
				SDKROOT = iphoneos;
				SWIFT_COMPILATION_MODE = wholemodule;
				SWIFT_OPTIMIZATION_LEVEL = "-O";
				VALIDATE_PRODUCT = YES;
			};
			name = Release;
		};
		DAFEB9282A32B4B30042F9D2 /* Debug */ = {
			isa = XCBuildConfiguration;
			buildSettings = {
				ASSETCATALOG_COMPILER_APPICON_NAME = AppIcon;
				ASSETCATALOG_COMPILER_GLOBAL_ACCENT_COLOR_NAME = AccentColor;
				CODE_SIGN_STYLE = Automatic;
				CURRENT_PROJECT_VERSION = 1;
				DEVELOPMENT_ASSET_PATHS = "\"TheTour/Preview Content\"";
				ENABLE_PREVIEWS = YES;
				GENERATE_INFOPLIST_FILE = YES;
				INFOPLIST_KEY_UIApplicationSceneManifest_Generation = YES;
				INFOPLIST_KEY_UIApplicationSupportsIndirectInputEvents = YES;
				INFOPLIST_KEY_UILaunchScreen_Generation = YES;
				INFOPLIST_KEY_UISupportedInterfaceOrientations_iPad = "UIInterfaceOrientationPortrait UIInterfaceOrientationPortraitUpsideDown UIInterfaceOrientationLandscapeLeft UIInterfaceOrientationLandscapeRight";
				INFOPLIST_KEY_UISupportedInterfaceOrientations_iPhone = "UIInterfaceOrientationPortrait UIInterfaceOrientationLandscapeLeft UIInterfaceOrientationLandscapeRight";
				LD_RUNPATH_SEARCH_PATHS = (
					"$(inherited)",
					"@executable_path/Frameworks",
				);
				MARKETING_VERSION = 1.0;
				PRODUCT_BUNDLE_IDENTIFIER = "KRUPA-PATEL.TheTour";
				PRODUCT_NAME = "$(TARGET_NAME)";
				SWIFT_EMIT_LOC_STRINGS = YES;
				SWIFT_VERSION = 5.0;
				TARGETED_DEVICE_FAMILY = "1,2";
			};
			name = Debug;
		};
		DAFEB9292A32B4B30042F9D2 /* Release */ = {
			isa = XCBuildConfiguration;
			buildSettings = {
				ASSETCATALOG_COMPILER_APPICON_NAME = AppIcon;
				ASSETCATALOG_COMPILER_GLOBAL_ACCENT_COLOR_NAME = AccentColor;
				CODE_SIGN_STYLE = Automatic;
				CURRENT_PROJECT_VERSION = 1;
				DEVELOPMENT_ASSET_PATHS = "\"TheTour/Preview Content\"";
				ENABLE_PREVIEWS = YES;
				GENERATE_INFOPLIST_FILE = YES;
				INFOPLIST_KEY_UIApplicationSceneManifest_Generation = YES;
				INFOPLIST_KEY_UIApplicationSupportsIndirectInputEvents = YES;
				INFOPLIST_KEY_UILaunchScreen_Generation = YES;
				INFOPLIST_KEY_UISupportedInterfaceOrientations_iPad = "UIInterfaceOrientationPortrait UIInterfaceOrientationPortraitUpsideDown UIInterfaceOrientationLandscapeLeft UIInterfaceOrientationLandscapeRight";
				INFOPLIST_KEY_UISupportedInterfaceOrientations_iPhone = "UIInterfaceOrientationPortrait UIInterfaceOrientationLandscapeLeft UIInterfaceOrientationLandscapeRight";
				LD_RUNPATH_SEARCH_PATHS = (
					"$(inherited)",
					"@executable_path/Frameworks",
				);
				MARKETING_VERSION = 1.0;
				PRODUCT_BUNDLE_IDENTIFIER = "KRUPA-PATEL.TheTour";
				PRODUCT_NAME = "$(TARGET_NAME)";
				SWIFT_EMIT_LOC_STRINGS = YES;
				SWIFT_VERSION = 5.0;
				TARGETED_DEVICE_FAMILY = "1,2";
			};
			name = Release;
		};
/* End XCBuildConfiguration section */

/* Begin XCConfigurationList section */
		DAFEB9142A32B4B10042F9D2 /* Build configuration list for PBXProject "TheTour" */ = {
			isa = XCConfigurationList;
			buildConfigurations = (
				DAFEB9252A32B4B30042F9D2 /* Debug */,
				DAFEB9262A32B4B30042F9D2 /* Release */,
			);
			defaultConfigurationIsVisible = 0;
			defaultConfigurationName = Release;
		};
		DAFEB9272A32B4B30042F9D2 /* Build configuration list for PBXNativeTarget "TheTour" */ = {
			isa = XCConfigurationList;
			buildConfigurations = (
				DAFEB9282A32B4B30042F9D2 /* Debug */,
				DAFEB9292A32B4B30042F9D2 /* Release */,
			);
			defaultConfigurationIsVisible = 0;
			defaultConfigurationName = Release;
		};
/* End XCConfigurationList section */
	};
	rootObject = DAFEB9112A32B4B10042F9D2 /* Project object */;
}
